
Microsoft Visual Studio Solution File, Format Version 12.00
# Visual Studio Version 17
VisualStudioVersion = 17.9.34728.123
MinimumVisualStudioVersion = 10.0.40219.1
Project("{54A90642-561A-4BB1-A94E-469ADEE60C69}") = "D_Notepad", "D_Notepad.esproj", "{4DC2299D-65E2-42F2-8A98-3726AF3080B3}"
EndProject
Global
	GlobalSection(SolutionConfigurationPlatforms) = preSolution
		Debug|Any CPU = Debug|Any CPU
		Release|Any CPU = Release|Any CPU
	EndGlobalSection
	GlobalSection(ProjectConfigurationPlatforms) = postSolution
		{4DC2299D-65E2-42F2-8A98-3726AF3080B3}.Debug|Any CPU.ActiveCfg = Debug|Any CPU
		{4DC2299D-65E2-42F2-8A98-3726AF3080B3}.Debug|Any CPU.Build.0 = Debug|Any CPU
		{4DC2299D-65E2-42F2-8A98-3726AF3080B3}.Debug|Any CPU.Deploy.0 = Debug|Any CPU
		{4DC2299D-65E2-42F2-8A98-3726AF3080B3}.Release|Any CPU.ActiveCfg = Release|Any CPU
		{4DC2299D-65E2-42F2-8A98-3726AF3080B3}.Release|Any CPU.Build.0 = Release|Any CPU
		{4DC2299D-65E2-42F2-8A98-3726AF3080B3}.Release|Any CPU.Deploy.0 = Release|Any CPU
	EndGlobalSection
	GlobalSection(SolutionProperties) = preSolution
		HideSolutionNode = FALSE
	EndGlobalSection
	GlobalSection(ExtensibilityGlobals) = postSolution
		SolutionGuid = {DDA63EA2-95AA-44A1-9E76-056527F66138}
	EndGlobalSection
EndGlobal
